
Microsoft Visual Studio Solution File, Format Version 12.00
# Visual Studio Version 17
VisualStudioVersion = 17.2.32616.157
MinimumVisualStudioVersion = 10.0.40219.1
Project("{E24C65DC-7377-472B-9ABA-BC803B73C61A}") = "20211021_Questionnaire", "..\..\..\Desktop\歷屆上課講義\110網二\20211021_Questionnaire\", "{1AD174AC-D1D6-4CA8-AADD-132C803B7337}"
	ProjectSection(WebsiteProperties) = preProject
		TargetFrameworkMoniker = ".NETFramework,Version%3Dv4.5"
		Debug.AspNetCompiler.VirtualPath = "/localhost_32692"
		Debug.AspNetCompiler.PhysicalPath = "..\..\..\Desktop\歷屆上課講義\110網二\20211021_Questionnaire\"
		Debug.AspNetCompiler.TargetPath = "PrecompiledWeb\localhost_32692\"
		Debug.AspNetCompiler.Updateable = "true"
		Debug.AspNetCompiler.ForceOverwrite = "true"
		Debug.AspNetCompiler.FixedNames = "false"
		Debug.AspNetCompiler.Debug = "True"
		Release.AspNetCompiler.VirtualPath = "/localhost_32692"
		Release.AspNetCompiler.PhysicalPath = "..\..\..\Desktop\歷屆上課講義\110網二\20211021_Questionnaire\"
		Release.AspNetCompiler.TargetPath = "PrecompiledWeb\localhost_32692\"
		Release.AspNetCompiler.Updateable = "true"
		Release.AspNetCompiler.ForceOverwrite = "true"
		Release.AspNetCompiler.FixedNames = "false"
		Release.AspNetCompiler.Debug = "False"
		VWDPort = "32692"
	EndProjectSection
EndProject
Global
	GlobalSection(SolutionConfigurationPlatforms) = preSolution
		Debug|Any CPU = Debug|Any CPU
	EndGlobalSection
	GlobalSection(ProjectConfigurationPlatforms) = postSolution
		{1AD174AC-D1D6-4CA8-AADD-132C803B7337}.Debug|Any CPU.ActiveCfg = Debug|Any CPU
		{1AD174AC-D1D6-4CA8-AADD-132C803B7337}.Debug|Any CPU.Build.0 = Debug|Any CPU
	EndGlobalSection
	GlobalSection(SolutionProperties) = preSolution
		HideSolutionNode = FALSE
	EndGlobalSection
	GlobalSection(ExtensibilityGlobals) = postSolution
		SolutionGuid = {381D9D4B-680C-4255-882E-233AB50911A7}
	EndGlobalSection
EndGlobal
